
Microsoft Visual Studio Solution File, Format Version 12.00
# Visual Studio 2012
Project("{FAE04EC0-301F-11D3-BF4B-00C04F79EFBC}") = "YamlSense.VSMac", "YamlSense.VSMac.csproj", "{BCBEFC44-C606-4AF3-8848-FAC05F036DF6}"
EndProject
Global
	GlobalSection(SolutionConfigurationPlatforms) = preSolution
		Debug|Any CPU = Debug|Any CPU
		Release|Any CPU = Release|Any CPU
	EndGlobalSection
	GlobalSection(ProjectConfigurationPlatforms) = postSolution
		{BCBEFC44-C606-4AF3-8848-FAC05F036DF6}.Debug|Any CPU.ActiveCfg = Debug|Any CPU
		{BCBEFC44-C606-4AF3-8848-FAC05F036DF6}.Debug|Any CPU.Build.0 = Debug|Any CPU
		{BCBEFC44-C606-4AF3-8848-FAC05F036DF6}.Release|Any CPU.ActiveCfg = Release|Any CPU
		{BCBEFC44-C606-4AF3-8848-FAC05F036DF6}.Release|Any CPU.Build.0 = Release|Any CPU
	EndGlobalSection
EndGlobal
